Microsoft Visual Studio Solution File, Format Version 12.00
# Visual Studio Version 17
VisualStudioVersion = 17.5.2.0
MinimumVisualStudioVersion = 10.0.40219.1
Project("{FAE04EC0-301F-11D3-BF4B-00C04F79EFBC}") = "TravelRecommendationApi", "TravelRecommendationApi.csproj", "{850D90CD-6CD8-A6F7-9284-459587A67823}"
EndProject
Global
	GlobalSection(SolutionConfigurationPlatforms) = preSolution
		Debug|Any CPU = Debug|Any CPU
		Release|Any CPU = Release|Any CPU
	EndGlobalSection
	GlobalSection(ProjectConfigurationPlatforms) = postSolution
		{850D90CD-6CD8-A6F7-9284-459587A67823}.Debug|Any CPU.ActiveCfg = Debug|Any CPU
		{850D90CD-6CD8-A6F7-9284-459587A67823}.Debug|Any CPU.Build.0 = Debug|Any CPU
		{850D90CD-6CD8-A6F7-9284-459587A67823}.Release|Any CPU.ActiveCfg = Release|Any CPU
		{850D90CD-6CD8-A6F7-9284-459587A67823}.Release|Any CPU.Build.0 = Release|Any CPU
	EndGlobalSection
	GlobalSection(SolutionProperties) = preSolution
		HideSolutionNode = FALSE
	EndGlobalSection
	GlobalSection(ExtensibilityGlobals) = postSolution
		SolutionGuid = {1DE801FF-5E0F-4767-8C00-0ECF7D4EB332}
	EndGlobalSection
EndGlobal
